
Microsoft Visual Studio Solution File, Format Version 12.00
# Visual Studio 15
VisualStudioVersion = 15.0.27703.2026
MinimumVisualStudioVersion = 10.0.40219.1
Project("{FAE04EC0-301F-11D3-BF4B-00C04F79EFBC}") = "EventsEmmiter", "EventsEmmiter\EventsEmmiter.csproj", "{9DDB1F01-3D72-4613-884E-30C6ECFC874E}"
EndProject
Project("{2150E333-8FDC-42A3-9474-1A3956D46DE8}") = "Libs", "Libs", "{827D9BD6-282F-40A9-828F-168794B66DBA}"
EndProject
Project("{9A19103F-16F7-4668-BE54-9A1E7A4F7556}") = "EventsSourcing", "..\Libs\EventsSourcing\EventsSourcing.csproj", "{F82A78FA-400F-44EF-87B0-C681AF7DB52B}"
EndProject
Global
	GlobalSection(SolutionConfigurationPlatforms) = preSolution
		Debug|Any CPU = Debug|Any CPU
		Release|Any CPU = Release|Any CPU
	EndGlobalSection
	GlobalSection(ProjectConfigurationPlatforms) = postSolution
		{9DDB1F01-3D72-4613-884E-30C6ECFC874E}.Debug|Any CPU.ActiveCfg = Debug|Any CPU
		{9DDB1F01-3D72-4613-884E-30C6ECFC874E}.Debug|Any CPU.Build.0 = Debug|Any CPU
		{9DDB1F01-3D72-4613-884E-30C6ECFC874E}.Release|Any CPU.ActiveCfg = Release|Any CPU
		{9DDB1F01-3D72-4613-884E-30C6ECFC874E}.Release|Any CPU.Build.0 = Release|Any CPU
		{F82A78FA-400F-44EF-87B0-C681AF7DB52B}.Debug|Any CPU.ActiveCfg = Debug|Any CPU
		{F82A78FA-400F-44EF-87B0-C681AF7DB52B}.Debug|Any CPU.Build.0 = Debug|Any CPU
		{F82A78FA-400F-44EF-87B0-C681AF7DB52B}.Release|Any CPU.ActiveCfg = Release|Any CPU
		{F82A78FA-400F-44EF-87B0-C681AF7DB52B}.Release|Any CPU.Build.0 = Release|Any CPU
	EndGlobalSection
	GlobalSection(SolutionProperties) = preSolution
		HideSolutionNode = FALSE
	EndGlobalSection
	GlobalSection(NestedProjects) = preSolution
		{F82A78FA-400F-44EF-87B0-C681AF7DB52B} = {827D9BD6-282F-40A9-828F-168794B66DBA}
	EndGlobalSection
	GlobalSection(ExtensibilityGlobals) = postSolution
		SolutionGuid = {9E66E4EA-9F89-4C65-85DD-CC21A8DE040D}
	EndGlobalSection
EndGlobal
