
Microsoft Visual Studio Solution File, Format Version 12.00
# Visual Studio 15
VisualStudioVersion = 15.0.27703.2026
MinimumVisualStudioVersion = 10.0.40219.1
Project("{FAE04EC0-301F-11D3-BF4B-00C04F79EFBC}") = "SystemEventsConsumer", "SystemEventsConsumer\SystemEventsConsumer.csproj", "{2302B041-FE8B-4084-AB69-42368A66C300}"
EndProject
Project("{2150E333-8FDC-42A3-9474-1A3956D46DE8}") = "Libs", "Libs", "{F1FE236B-2039-4F71-B0E8-8A697C4E9771}"
EndProject
Project("{FAE04EC0-301F-11D3-BF4B-00C04F79EFBC}") = "EventsSourcing", "..\Libs\EventsSourcing\EventsSourcing.csproj", "{F5F647A9-C3ED-4A5B-A4BD-6F332BB7F724}"
EndProject
Global
	GlobalSection(SolutionConfigurationPlatforms) = preSolution
		Debug|Any CPU = Debug|Any CPU
		Release|Any CPU = Release|Any CPU
	EndGlobalSection
	GlobalSection(ProjectConfigurationPlatforms) = postSolution
		{2302B041-FE8B-4084-AB69-42368A66C300}.Debug|Any CPU.ActiveCfg = Debug|Any CPU
		{2302B041-FE8B-4084-AB69-42368A66C300}.Debug|Any CPU.Build.0 = Debug|Any CPU
		{2302B041-FE8B-4084-AB69-42368A66C300}.Release|Any CPU.ActiveCfg = Release|Any CPU
		{2302B041-FE8B-4084-AB69-42368A66C300}.Release|Any CPU.Build.0 = Release|Any CPU
		{F5F647A9-C3ED-4A5B-A4BD-6F332BB7F724}.Debug|Any CPU.ActiveCfg = Debug|Any CPU
		{F5F647A9-C3ED-4A5B-A4BD-6F332BB7F724}.Debug|Any CPU.Build.0 = Debug|Any CPU
		{F5F647A9-C3ED-4A5B-A4BD-6F332BB7F724}.Release|Any CPU.ActiveCfg = Release|Any CPU
		{F5F647A9-C3ED-4A5B-A4BD-6F332BB7F724}.Release|Any CPU.Build.0 = Release|Any CPU
	EndGlobalSection
	GlobalSection(SolutionProperties) = preSolution
		HideSolutionNode = FALSE
	EndGlobalSection
	GlobalSection(NestedProjects) = preSolution
		{F5F647A9-C3ED-4A5B-A4BD-6F332BB7F724} = {F1FE236B-2039-4F71-B0E8-8A697C4E9771}
	EndGlobalSection
	GlobalSection(ExtensibilityGlobals) = postSolution
		SolutionGuid = {352FFFB2-AAE0-485A-962F-231FC0B69F25}
	EndGlobalSection
EndGlobal
